
Microsoft Visual Studio Solution File, Format Version 12.00
# Visual Studio Version 16
VisualStudioVersion = 16.0.31205.134
MinimumVisualStudioVersion = 10.0.40219.1
Project("{9A19103F-16F7-4668-BE54-9A1E7A4F7556}") = "TodoAPI", "tentandoAPI\TodoAPI.csproj", "{B6129C30-6FF0-4902-8B58-155A1565753E}"
EndProject
Global
	GlobalSection(SolutionConfigurationPlatforms) = preSolution
		Debug|Any CPU = Debug|Any CPU
		Release|Any CPU = Release|Any CPU
	EndGlobalSection
	GlobalSection(ProjectConfigurationPlatforms) = postSolution
		{B6129C30-6FF0-4902-8B58-155A1565753E}.Debug|Any CPU.ActiveCfg = Debug|Any CPU
		{B6129C30-6FF0-4902-8B58-155A1565753E}.Debug|Any CPU.Build.0 = Debug|Any CPU
		{B6129C30-6FF0-4902-8B58-155A1565753E}.Release|Any CPU.ActiveCfg = Release|Any CPU
		{B6129C30-6FF0-4902-8B58-155A1565753E}.Release|Any CPU.Build.0 = Release|Any CPU
	EndGlobalSection
	GlobalSection(SolutionProperties) = preSolution
		HideSolutionNode = FALSE
	EndGlobalSection
	GlobalSection(ExtensibilityGlobals) = postSolution
		SolutionGuid = {E2564897-86BD-4FB7-BBB2-030AF7A6DE2F}
	EndGlobalSection
EndGlobal
